
Microsoft Visual Studio Solution File, Format Version 12.00
# Visual Studio Version 17
VisualStudioVersion = 17.11.35327.3
MinimumVisualStudioVersion = 10.0.40219.1
Project("{9A19103F-16F7-4668-BE54-9A1E7A4F7556}") = "NewsletterFunction", "NewsletterFunction\NewsletterFunction.csproj", "{C9C0ED75-0081-4184-846F-4C5C2A593010}"
EndProject
Global
	GlobalSection(SolutionConfigurationPlatforms) = preSolution
		Debug|Any CPU = Debug|Any CPU
		Release|Any CPU = Release|Any CPU
	EndGlobalSection
	GlobalSection(ProjectConfigurationPlatforms) = postSolution
		{C9C0ED75-0081-4184-846F-4C5C2A593010}.Debug|Any CPU.ActiveCfg = Debug|Any CPU
		{C9C0ED75-0081-4184-846F-4C5C2A593010}.Debug|Any CPU.Build.0 = Debug|Any CPU
		{C9C0ED75-0081-4184-846F-4C5C2A593010}.Release|Any CPU.ActiveCfg = Release|Any CPU
		{C9C0ED75-0081-4184-846F-4C5C2A593010}.Release|Any CPU.Build.0 = Release|Any CPU
	EndGlobalSection
	GlobalSection(SolutionProperties) = preSolution
		HideSolutionNode = FALSE
	EndGlobalSection
	GlobalSection(ExtensibilityGlobals) = postSolution
		SolutionGuid = {134DE532-CA8F-40D4-BA2A-873A03C34AAD}
	EndGlobalSection
EndGlobal
